
Microsoft Visual Studio Solution File, Format Version 12.00
# Visual Studio 15
VisualStudioVersion = 15.0.28307.421
MinimumVisualStudioVersion = 10.0.40219.1
Project("{FAE04EC0-301F-11D3-BF4B-00C04F79EFBC}") = "表格控件", "表格控件\表格控件.csproj", "{03E0FA7C-6ED4-423B-B9CC-BFD3BFE78A7E}"
EndProject
Project("{FAE04EC0-301F-11D3-BF4B-00C04F79EFBC}") = "画柱状图", "画柱状图\画柱状图.csproj", "{04C8F1C7-06F8-4203-B3F7-0DAFB21DFD6C}"
EndProject
Project("{FAE04EC0-301F-11D3-BF4B-00C04F79EFBC}") = "第二种图表控件", "第二种图表控件\第二种图表控件.csproj", "{57C64C38-A095-4257-8B9B-90429CD06E14}"
EndProject
Global
	GlobalSection(SolutionConfigurationPlatforms) = preSolution
		Debug|Any CPU = Debug|Any CPU
		Release|Any CPU = Release|Any CPU
	EndGlobalSection
	GlobalSection(ProjectConfigurationPlatforms) = postSolution
		{03E0FA7C-6ED4-423B-B9CC-BFD3BFE78A7E}.Debug|Any CPU.ActiveCfg = Debug|Any CPU
		{03E0FA7C-6ED4-423B-B9CC-BFD3BFE78A7E}.Debug|Any CPU.Build.0 = Debug|Any CPU
		{03E0FA7C-6ED4-423B-B9CC-BFD3BFE78A7E}.Release|Any CPU.ActiveCfg = Release|Any CPU
		{03E0FA7C-6ED4-423B-B9CC-BFD3BFE78A7E}.Release|Any CPU.Build.0 = Release|Any CPU
		{04C8F1C7-06F8-4203-B3F7-0DAFB21DFD6C}.Debug|Any CPU.ActiveCfg = Debug|Any CPU
		{04C8F1C7-06F8-4203-B3F7-0DAFB21DFD6C}.Debug|Any CPU.Build.0 = Debug|Any CPU
		{04C8F1C7-06F8-4203-B3F7-0DAFB21DFD6C}.Release|Any CPU.ActiveCfg = Release|Any CPU
		{04C8F1C7-06F8-4203-B3F7-0DAFB21DFD6C}.Release|Any CPU.Build.0 = Release|Any CPU
		{57C64C38-A095-4257-8B9B-90429CD06E14}.Debug|Any CPU.ActiveCfg = Debug|Any CPU
		{57C64C38-A095-4257-8B9B-90429CD06E14}.Debug|Any CPU.Build.0 = Debug|Any CPU
		{57C64C38-A095-4257-8B9B-90429CD06E14}.Release|Any CPU.ActiveCfg = Release|Any CPU
		{57C64C38-A095-4257-8B9B-90429CD06E14}.Release|Any CPU.Build.0 = Release|Any CPU
	EndGlobalSection
	GlobalSection(SolutionProperties) = preSolution
		HideSolutionNode = FALSE
	EndGlobalSection
	GlobalSection(ExtensibilityGlobals) = postSolution
		SolutionGuid = {31D42D04-A5F5-456A-9C8F-76BA2B72A5F3}
	EndGlobalSection
EndGlobal
